
Microsoft Visual Studio Solution File, Format Version 12.00
# Visual Studio Version 17
VisualStudioVersion = 17.5.33530.505
MinimumVisualStudioVersion = 10.0.40219.1
Project("{9A19103F-16F7-4668-BE54-9A1E7A4F7556}") = "Sejmet.API", "Sejmet.API\Sejmet.API.csproj", "{A0A9ACD4-290C-455A-BBE9-9F4D95B903B0}"
EndProject
Project("{00D1A9C2-B5F0-4AF3-8072-F6C62B433612}") = "Sejmet.Database", "Sejmet.Database\Sejmet.Database.sqlproj", "{86FFD342-013B-4E31-AE8F-061F40940956}"
EndProject
Global
	GlobalSection(SolutionConfigurationPlatforms) = preSolution
		Debug|Any CPU = Debug|Any CPU
		Release|Any CPU = Release|Any CPU
	EndGlobalSection
	GlobalSection(ProjectConfigurationPlatforms) = postSolution
		{A0A9ACD4-290C-455A-BBE9-9F4D95B903B0}.Debug|Any CPU.ActiveCfg = Debug|Any CPU
		{A0A9ACD4-290C-455A-BBE9-9F4D95B903B0}.Debug|Any CPU.Build.0 = Debug|Any CPU
		{A0A9ACD4-290C-455A-BBE9-9F4D95B903B0}.Release|Any CPU.ActiveCfg = Release|Any CPU
		{A0A9ACD4-290C-455A-BBE9-9F4D95B903B0}.Release|Any CPU.Build.0 = Release|Any CPU
		{86FFD342-013B-4E31-AE8F-061F40940956}.Debug|Any CPU.ActiveCfg = Debug|Any CPU
		{86FFD342-013B-4E31-AE8F-061F40940956}.Debug|Any CPU.Build.0 = Debug|Any CPU
		{86FFD342-013B-4E31-AE8F-061F40940956}.Debug|Any CPU.Deploy.0 = Debug|Any CPU
		{86FFD342-013B-4E31-AE8F-061F40940956}.Release|Any CPU.ActiveCfg = Release|Any CPU
		{86FFD342-013B-4E31-AE8F-061F40940956}.Release|Any CPU.Build.0 = Release|Any CPU
		{86FFD342-013B-4E31-AE8F-061F40940956}.Release|Any CPU.Deploy.0 = Release|Any CPU
	EndGlobalSection
	GlobalSection(SolutionProperties) = preSolution
		HideSolutionNode = FALSE
	EndGlobalSection
	GlobalSection(ExtensibilityGlobals) = postSolution
		SolutionGuid = {DE7121BE-F30C-42F7-B6CF-C16B5E522DC4}
	EndGlobalSection
EndGlobal
